
Microsoft Visual Studio Solution File, Format Version 12.00
# Visual Studio 14
VisualStudioVersion = 14.0.23107.0
MinimumVisualStudioVersion = 10.0.40219.1
Project("{FAE04EC0-301F-11D3-BF4B-00C04F79EFBC}") = "ICYART BEISBOL", "ICYART BEISBOL\ICYART BEISBOL.csproj", "{F5F0F400-FF5A-4BB4-9D5E-740CE9907FAD}"
EndProject
Global
	GlobalSection(SolutionConfigurationPlatforms) = preSolution
		Debug|Any CPU = Debug|Any CPU
		Release|Any CPU = Release|Any CPU
	EndGlobalSection
	GlobalSection(ProjectConfigurationPlatforms) = postSolution
		{F5F0F400-FF5A-4BB4-9D5E-740CE9907FAD}.Debug|Any CPU.ActiveCfg = Debug|Any CPU
		{F5F0F400-FF5A-4BB4-9D5E-740CE9907FAD}.Debug|Any CPU.Build.0 = Debug|Any CPU
		{F5F0F400-FF5A-4BB4-9D5E-740CE9907FAD}.Release|Any CPU.ActiveCfg = Release|Any CPU
		{F5F0F400-FF5A-4BB4-9D5E-740CE9907FAD}.Release|Any CPU.Build.0 = Release|Any CPU
	EndGlobalSection
	GlobalSection(SolutionProperties) = preSolution
		HideSolutionNode = FALSE
	EndGlobalSection
EndGlobal
